
Microsoft Visual Studio Solution File, Format Version 12.00
# Visual Studio 14
VisualStudioVersion = 14.0.25420.1
MinimumVisualStudioVersion = 10.0.40219.1
Project("{FAE04EC0-301F-11D3-BF4B-00C04F79EFBC}") = "AirQualityPublish.Model", "AirQualityPublish.Model\AirQualityPublish.Model.csproj", "{8C985BF3-4FC7-4522-988A-27EEA72CB257}"
EndProject
Project("{FAE04EC0-301F-11D3-BF4B-00C04F79EFBC}") = "AirQualityPublish.BLL", "AirQualityPublish.BLL\AirQualityPublish.BLL.csproj", "{562372DB-A593-4EB4-8533-EFC3BA1C5DB7}"
EndProject
Project("{FAE04EC0-301F-11D3-BF4B-00C04F79EFBC}") = "AirQualityPublish.Service", "AirQualityPublish.Service\AirQualityPublish.Service.csproj", "{6700A44B-8183-4AA8-A3CD-5BD9431FA7FD}"
EndProject
Project("{FAE04EC0-301F-11D3-BF4B-00C04F79EFBC}") = "AirQualityPublish.Web", "AirQualityPublish.Web\AirQualityPublish.Web.csproj", "{C4A8E561-49B7-4A93-80A4-3BD70DC92EF2}"
EndProject
Project("{FAE04EC0-301F-11D3-BF4B-00C04F79EFBC}") = "AirQualityPublish.WindowsForms", "AirQualityPublish.WindowsForms\AirQualityPublish.WindowsForms.csproj", "{7594A52D-D017-49F1-9172-49626ADC9467}"
EndProject
Project("{FAE04EC0-301F-11D3-BF4B-00C04F79EFBC}") = "AirQualityPublish.Client", "AirQualityPublish.Client\AirQualityPublish.Client.csproj", "{F83D9D6B-B568-4161-A7B0-85E0532DE6BB}"
EndProject
Global
	GlobalSection(SolutionConfigurationPlatforms) = preSolution
		Debug|Any CPU = Debug|Any CPU
		Release|Any CPU = Release|Any CPU
	EndGlobalSection
	GlobalSection(ProjectConfigurationPlatforms) = postSolution
		{8C985BF3-4FC7-4522-988A-27EEA72CB257}.Debug|Any CPU.ActiveCfg = Debug|Any CPU
		{8C985BF3-4FC7-4522-988A-27EEA72CB257}.Debug|Any CPU.Build.0 = Debug|Any CPU
		{8C985BF3-4FC7-4522-988A-27EEA72CB257}.Release|Any CPU.ActiveCfg = Release|Any CPU
		{8C985BF3-4FC7-4522-988A-27EEA72CB257}.Release|Any CPU.Build.0 = Release|Any CPU
		{562372DB-A593-4EB4-8533-EFC3BA1C5DB7}.Debug|Any CPU.ActiveCfg = Debug|Any CPU
		{562372DB-A593-4EB4-8533-EFC3BA1C5DB7}.Debug|Any CPU.Build.0 = Debug|Any CPU
		{562372DB-A593-4EB4-8533-EFC3BA1C5DB7}.Release|Any CPU.ActiveCfg = Release|Any CPU
		{562372DB-A593-4EB4-8533-EFC3BA1C5DB7}.Release|Any CPU.Build.0 = Release|Any CPU
		{6700A44B-8183-4AA8-A3CD-5BD9431FA7FD}.Debug|Any CPU.ActiveCfg = Debug|Any CPU
		{6700A44B-8183-4AA8-A3CD-5BD9431FA7FD}.Debug|Any CPU.Build.0 = Debug|Any CPU
		{6700A44B-8183-4AA8-A3CD-5BD9431FA7FD}.Release|Any CPU.ActiveCfg = Release|Any CPU
		{6700A44B-8183-4AA8-A3CD-5BD9431FA7FD}.Release|Any CPU.Build.0 = Release|Any CPU
		{C4A8E561-49B7-4A93-80A4-3BD70DC92EF2}.Debug|Any CPU.ActiveCfg = Debug|Any CPU
		{C4A8E561-49B7-4A93-80A4-3BD70DC92EF2}.Debug|Any CPU.Build.0 = Debug|Any CPU
		{C4A8E561-49B7-4A93-80A4-3BD70DC92EF2}.Release|Any CPU.ActiveCfg = Release|Any CPU
		{C4A8E561-49B7-4A93-80A4-3BD70DC92EF2}.Release|Any CPU.Build.0 = Release|Any CPU
		{7594A52D-D017-49F1-9172-49626ADC9467}.Debug|Any CPU.ActiveCfg = Debug|Any CPU
		{7594A52D-D017-49F1-9172-49626ADC9467}.Debug|Any CPU.Build.0 = Debug|Any CPU
		{7594A52D-D017-49F1-9172-49626ADC9467}.Release|Any CPU.ActiveCfg = Release|Any CPU
		{7594A52D-D017-49F1-9172-49626ADC9467}.Release|Any CPU.Build.0 = Release|Any CPU
		{F83D9D6B-B568-4161-A7B0-85E0532DE6BB}.Debug|Any CPU.ActiveCfg = Debug|Any CPU
		{F83D9D6B-B568-4161-A7B0-85E0532DE6BB}.Debug|Any CPU.Build.0 = Debug|Any CPU
		{F83D9D6B-B568-4161-A7B0-85E0532DE6BB}.Release|Any CPU.ActiveCfg = Release|Any CPU
		{F83D9D6B-B568-4161-A7B0-85E0532DE6BB}.Release|Any CPU.Build.0 = Release|Any CPU
	EndGlobalSection
	GlobalSection(SolutionProperties) = preSolution
		HideSolutionNode = FALSE
	EndGlobalSection
EndGlobal
